{
  "version": 4,
  "terraform_version": "1.8.4",
  "serial": 11,
  "lineage": "0aa2753a-d003-088f-c4dd-f77356fe2b19",
  "outputs": {},
  "resources": [
    {
      "mode": "managed",
      "type": "google_cloud_run_service",
      "name": "backend",
      "provider": "provider[\"registry.terraform.io/hashicorp/google\"]",
      "instances": [
        {
          "schema_version": 2,
          "attributes": {
            "autogenerate_revision_name": false,
            "id": "locations/us-central1/namespaces/mytest-425707/services/backend",
            "location": "us-central1",
            "metadata": [
              {
                "annotations": {},
                "effective_annotations": {
                  "run.googleapis.com/ingress": "all",
                  "run.googleapis.com/ingress-status": "all",
                  "run.googleapis.com/operation-id": "24447dc4-f718-40a1-aefa-e27aa437c714",
                  "serving.knative.dev/creator": "terraform@mytest-425707.iam.gserviceaccount.com",
                  "serving.knative.dev/lastModifier": "terraform@mytest-425707.iam.gserviceaccount.com"
                },
                "effective_labels": {
                  "cloud.googleapis.com/location": "us-central1"
                },
                "generation": 1,
                "labels": {},
                "namespace": "mytest-425707",
                "resource_version": "AAYacjOHoQE",
                "self_link": "/apis/serving.knative.dev/v1/namespaces/141782134779/services/backend",
                "terraform_labels": {},
                "uid": "9cdb00b9-92f3-47bd-98bd-3a303896f8db"
              }
            ],
            "name": "backend",
            "project": "mytest-425707",
            "status": [
              {
                "conditions": [
                  {
                    "message": "",
                    "reason": "",
                    "status": "True",
                    "type": "Ready"
                  },
                  {
                    "message": "",
                    "reason": "",
                    "status": "True",
                    "type": "ConfigurationsReady"
                  },
                  {
                    "message": "",
                    "reason": "",
                    "status": "True",
                    "type": "RoutesReady"
                  }
                ],
                "latest_created_revision_name": "backend-00001-d48",
                "latest_ready_revision_name": "backend-00001-d48",
                "observed_generation": 1,
                "traffic": [
                  {
                    "latest_revision": true,
                    "percent": 100,
                    "revision_name": "backend-00001-d48",
                    "tag": "",
                    "url": ""
                  }
                ],
                "url": "https://backend-gjmf37uzcq-uc.a.run.app"
              }
            ],
            "template": [
              {
                "metadata": [
                  {
                    "annotations": {
                      "autoscaling.knative.dev/maxScale": "3"
                    },
                    "generation": 0,
                    "labels": {
                      "run.googleapis.com/startupProbeType": "Default"
                    },
                    "name": "",
                    "namespace": "",
                    "resource_version": "",
                    "self_link": "",
                    "uid": ""
                  }
                ],
                "spec": [
                  {
                    "container_concurrency": 80,
                    "containers": [
                      {
                        "args": null,
                        "command": null,
                        "env": [],
                        "env_from": [],
                        "image": "us-central1-docker.pkg.dev/mytest-425707/backend/backend:latest",
                        "liveness_probe": [],
                        "name": "",
                        "ports": [
                          {
                            "container_port": 5000,
                            "name": "http1",
                            "protocol": ""
                          }
                        ],
                        "resources": [
                          {
                            "limits": {
                              "cpu": "1000m",
                              "memory": "256Mi"
                            },
                            "requests": null
                          }
                        ],
                        "startup_probe": [
                          {
                            "failure_threshold": 1,
                            "grpc": [],
                            "http_get": [],
                            "initial_delay_seconds": 0,
                            "period_seconds": 240,
                            "tcp_socket": [
                              {
                                "port": 5000
                              }
                            ],
                            "timeout_seconds": 240
                          }
                        ],
                        "volume_mounts": [],
                        "working_dir": ""
                      }
                    ],
                    "service_account_name": "141782134779-compute@developer.gserviceaccount.com",
                    "serving_state": "",
                    "timeout_seconds": 300,
                    "volumes": []
                  }
                ]
              }
            ],
            "timeouts": null,
            "traffic": [
              {
                "latest_revision": true,
                "percent": 100,
                "revision_name": "",
                "tag": "",
                "url": ""
              }
            ]
          },
          "sensitive_attributes": [],
          "private": "eyJlMmJmYjczMC1lY2FhLTExZTYtOGY4OC0zNDM2M2JjN2M0YzAiOnsiY3JlYXRlIjoxMjAwMDAwMDAwMDAwLCJkZWxldGUiOjEyMDAwMDAwMDAwMDAsInVwZGF0ZSI6MTIwMDAwMDAwMDAwMH0sInNjaGVtYV92ZXJzaW9uIjoiMiJ9"
        }
      ]
    },
    {
      "mode": "managed",
      "type": "google_cloud_run_service_iam_member",
      "name": "invoker",
      "provider": "provider[\"registry.terraform.io/hashicorp/google\"]",
      "instances": [
        {
          "schema_version": 0,
          "attributes": {
            "condition": [],
            "etag": "BwYacjPnR7A=",
            "id": "v1/projects/mytest-425707/locations/us-central1/services/backend/roles/run.invoker/allUsers",
            "location": "us-central1",
            "member": "allUsers",
            "project": "mytest-425707",
            "role": "roles/run.invoker",
            "service": "v1/projects/mytest-425707/locations/us-central1/services/backend"
          },
          "sensitive_attributes": [],
          "private": "bnVsbA==",
          "dependencies": [
            "google_cloud_run_service.backend"
          ]
        }
      ]
    }
  ],
  "check_results": null
}
